dependencies:
- name: base
  repository: https://istio-release.storage.googleapis.com/charts
  version: 1.26.6
- name: istiod
  repository: https://istio-release.storage.googleapis.com/charts
  version: 1.26.6
- name: gateway
  repository: https://istio-release.storage.googleapis.com/charts
  version: 1.26.6
- name: cni
  repository: https://istio-release.storage.googleapis.com/charts
  version: 1.26.6
digest: sha256:501e60d5ecff8342dd64ffe1462e3801806ed5ad1ec659a25f8fad55bb23f518
generated: "2025-12-09T00:13:13.3955417+01:00"
